version: 2.0
shards:
  cute:
    git: https://github.com/papierkorb/cute.git
    version: 0.4.0

  fancyline:
    git: https://github.com/papierkorb/fancyline.git
    version: 0.4.1

  future:
    git: https://github.com/crystal-community/future.cr.git
    version: 1.0.0

  rconcr:
    git: https://github.com/straight-shoota/rconcr.git
    version: 0.1.0+git.commit.5ba1cdd8f330e79f1babf4a9c4369c2334b6ccd9

